
Microsoft Visual Studio Solution File, Format Version 12.00
Project("{FAE04EC0-301F-11D3-BF4B-00C04F79EFBC}") = "MAL-Api-Service", "prototype\MAL-Api-Service\MAL-Api-Service.csproj", "{11239057-52C0-4C63-9AAF-37BCE2EC383A}"
EndProject
Project("{FAE04EC0-301F-11D3-BF4B-00C04F79EFBC}") = "MAL-Api-Service.Tests", "prototype\MAL-Api-Service.Tests\MAL-Api-Service.Tests.csproj", "{C5F6E6C3-6B4B-48F3-9B67-92F69495541C}"
EndProject
Project("{2150E333-8FDC-42A3-9474-1A3956D46DE8}") = "prototype", "prototype", "{3A80A7D6-EC3E-495B-822A-64B48131373E}"
EndProject
Project("{2150E333-8FDC-42A3-9474-1A3956D46DE8}") = "MAL-Prediction-Build-Service", "MAL-Prediction-Build-Service", "{B6245860-2321-485C-A242-FC8676275D10}"
EndProject
Project("{FAE04EC0-301F-11D3-BF4B-00C04F79EFBC}") = "PredictionBuildService", "MAL-Prediction-Build-Service\PredictionBuildService\PredictionBuildService.csproj", "{BF2746B9-77D8-4098-AAA1-97D865F35D85}"
EndProject
Project("{FAE04EC0-301F-11D3-BF4B-00C04F79EFBC}") = "PredictionBuildService.Tests", "MAL-Prediction-Build-Service\PredictionBuildService.Tests\PredictionBuildService.Tests.csproj", "{AA9DF5B1-C3A1-44B0-9502-BD683A339879}"
EndProject
Global
	GlobalSection(SolutionConfigurationPlatforms) = preSolution
		Debug|Any CPU = Debug|Any CPU
		Release|Any CPU = Release|Any CPU
	EndGlobalSection
	GlobalSection(ProjectConfigurationPlatforms) = postSolution
		{11239057-52C0-4C63-9AAF-37BCE2EC383A}.Debug|Any CPU.ActiveCfg = Debug|Any CPU
		{11239057-52C0-4C63-9AAF-37BCE2EC383A}.Debug|Any CPU.Build.0 = Debug|Any CPU
		{11239057-52C0-4C63-9AAF-37BCE2EC383A}.Release|Any CPU.ActiveCfg = Release|Any CPU
		{11239057-52C0-4C63-9AAF-37BCE2EC383A}.Release|Any CPU.Build.0 = Release|Any CPU
		{C5F6E6C3-6B4B-48F3-9B67-92F69495541C}.Debug|Any CPU.ActiveCfg = Debug|Any CPU
		{C5F6E6C3-6B4B-48F3-9B67-92F69495541C}.Debug|Any CPU.Build.0 = Debug|Any CPU
		{C5F6E6C3-6B4B-48F3-9B67-92F69495541C}.Release|Any CPU.ActiveCfg = Release|Any CPU
		{C5F6E6C3-6B4B-48F3-9B67-92F69495541C}.Release|Any CPU.Build.0 = Release|Any CPU
		{BF2746B9-77D8-4098-AAA1-97D865F35D85}.Debug|Any CPU.ActiveCfg = Debug|Any CPU
		{BF2746B9-77D8-4098-AAA1-97D865F35D85}.Debug|Any CPU.Build.0 = Debug|Any CPU
		{BF2746B9-77D8-4098-AAA1-97D865F35D85}.Release|Any CPU.ActiveCfg = Release|Any CPU
		{BF2746B9-77D8-4098-AAA1-97D865F35D85}.Release|Any CPU.Build.0 = Release|Any CPU
		{AA9DF5B1-C3A1-44B0-9502-BD683A339879}.Debug|Any CPU.ActiveCfg = Debug|Any CPU
		{AA9DF5B1-C3A1-44B0-9502-BD683A339879}.Debug|Any CPU.Build.0 = Debug|Any CPU
		{AA9DF5B1-C3A1-44B0-9502-BD683A339879}.Release|Any CPU.ActiveCfg = Release|Any CPU
		{AA9DF5B1-C3A1-44B0-9502-BD683A339879}.Release|Any CPU.Build.0 = Release|Any CPU
	EndGlobalSection
	GlobalSection(NestedProjects) = preSolution
		{11239057-52C0-4C63-9AAF-37BCE2EC383A} = {3A80A7D6-EC3E-495B-822A-64B48131373E}
		{C5F6E6C3-6B4B-48F3-9B67-92F69495541C} = {3A80A7D6-EC3E-495B-822A-64B48131373E}
		{BF2746B9-77D8-4098-AAA1-97D865F35D85} = {B6245860-2321-485C-A242-FC8676275D10}
		{AA9DF5B1-C3A1-44B0-9502-BD683A339879} = {B6245860-2321-485C-A242-FC8676275D10}
	EndGlobalSection
EndGlobal
